
Microsoft Visual Studio Solution File, Format Version 12.00
# Visual Studio Version 16
VisualStudioVersion = 16.0.31727.386
MinimumVisualStudioVersion = 10.0.40219.1
Project("{FAE04EC0-301F-11D3-BF4B-00C04F79EFBC}") = "ReCapProject", "ReCapProject\ReCapProject.csproj", "{A98A92ED-72B5-49CF-836A-2892F1BFF542}"
EndProject
Project("{FAE04EC0-301F-11D3-BF4B-00C04F79EFBC}") = "Entities", "Entities\Entities.csproj", "{A345FDF3-22E5-4293-A81B-B789513CBEAF}"
EndProject
Project("{FAE04EC0-301F-11D3-BF4B-00C04F79EFBC}") = "DataAccess", "DataAccess\DataAccess.csproj", "{BE573EB1-535B-4982-AEE5-1EDB0DAC646E}"
EndProject
Project("{FAE04EC0-301F-11D3-BF4B-00C04F79EFBC}") = "ConsoleProject", "ConsoleProject\ConsoleProject.csproj", "{F370C082-2229-4A52-B8B8-56DACF1C7592}"
EndProject
Global
	GlobalSection(SolutionConfigurationPlatforms) = preSolution
		Debug|Any CPU = Debug|Any CPU
		Release|Any CPU = Release|Any CPU
	EndGlobalSection
	GlobalSection(ProjectConfigurationPlatforms) = postSolution
		{A98A92ED-72B5-49CF-836A-2892F1BFF542}.Debug|Any CPU.ActiveCfg = Debug|Any CPU
		{A98A92ED-72B5-49CF-836A-2892F1BFF542}.Debug|Any CPU.Build.0 = Debug|Any CPU
		{A98A92ED-72B5-49CF-836A-2892F1BFF542}.Release|Any CPU.ActiveCfg = Release|Any CPU
		{A98A92ED-72B5-49CF-836A-2892F1BFF542}.Release|Any CPU.Build.0 = Release|Any CPU
		{A345FDF3-22E5-4293-A81B-B789513CBEAF}.Debug|Any CPU.ActiveCfg = Debug|Any CPU
		{A345FDF3-22E5-4293-A81B-B789513CBEAF}.Debug|Any CPU.Build.0 = Debug|Any CPU
		{A345FDF3-22E5-4293-A81B-B789513CBEAF}.Release|Any CPU.ActiveCfg = Release|Any CPU
		{A345FDF3-22E5-4293-A81B-B789513CBEAF}.Release|Any CPU.Build.0 = Release|Any CPU
		{BE573EB1-535B-4982-AEE5-1EDB0DAC646E}.Debug|Any CPU.ActiveCfg = Debug|Any CPU
		{BE573EB1-535B-4982-AEE5-1EDB0DAC646E}.Debug|Any CPU.Build.0 = Debug|Any CPU
		{BE573EB1-535B-4982-AEE5-1EDB0DAC646E}.Release|Any CPU.ActiveCfg = Release|Any CPU
		{BE573EB1-535B-4982-AEE5-1EDB0DAC646E}.Release|Any CPU.Build.0 = Release|Any CPU
		{F370C082-2229-4A52-B8B8-56DACF1C7592}.Debug|Any CPU.ActiveCfg = Debug|Any CPU
		{F370C082-2229-4A52-B8B8-56DACF1C7592}.Debug|Any CPU.Build.0 = Debug|Any CPU
		{F370C082-2229-4A52-B8B8-56DACF1C7592}.Release|Any CPU.ActiveCfg = Release|Any CPU
		{F370C082-2229-4A52-B8B8-56DACF1C7592}.Release|Any CPU.Build.0 = Release|Any CPU
	EndGlobalSection
	GlobalSection(SolutionProperties) = preSolution
		HideSolutionNode = FALSE
	EndGlobalSection
	GlobalSection(ExtensibilityGlobals) = postSolution
		SolutionGuid = {75CF34B6-795D-443C-A0CC-DE36326AB5FE}
	EndGlobalSection
EndGlobal
